
Microsoft Visual Studio Solution File, Format Version 12.00
# Visual Studio Version 17
VisualStudioVersion = 17.1.32210.238
MinimumVisualStudioVersion = 10.0.40219.1
Project("{9A19103F-16F7-4668-BE54-9A1E7A4F7556}") = "Chapter2", "Chapter2\Chapter2.csproj", "{53CE7B10-D3DB-4354-9509-5EA268D2FD34}"
EndProject
Project("{9A19103F-16F7-4668-BE54-9A1E7A4F7556}") = "Chapter4", "Chapter4\Chapter4.csproj", "{2B2133FC-CFEC-4478-9C65-5FE8A62C645C}"
EndProject
Project("{9A19103F-16F7-4668-BE54-9A1E7A4F7556}") = "Chapter5", "Chapter5\Chapter5.csproj", "{50C203CC-D71A-40F7-9D62-8BAD527CD904}"
EndProject
Project("{9A19103F-16F7-4668-BE54-9A1E7A4F7556}") = "Chapter6", "Chapter6\Chapter6.csproj", "{3DDAE074-D719-475B-8EA3-13A4A55237CA}"
EndProject
Project("{9A19103F-16F7-4668-BE54-9A1E7A4F7556}") = "Chapter3", "Chapter3\Chapter3.csproj", "{1C061017-0D75-49CF-BCF5-06DE9846E9BD}"
EndProject
Global
	GlobalSection(SolutionConfigurationPlatforms) = preSolution
		Debug|Any CPU = Debug|Any CPU
		Release|Any CPU = Release|Any CPU
	EndGlobalSection
	GlobalSection(ProjectConfigurationPlatforms) = postSolution
		{53CE7B10-D3DB-4354-9509-5EA268D2FD34}.Debug|Any CPU.ActiveCfg = Debug|Any CPU
		{53CE7B10-D3DB-4354-9509-5EA268D2FD34}.Debug|Any CPU.Build.0 = Debug|Any CPU
		{53CE7B10-D3DB-4354-9509-5EA268D2FD34}.Release|Any CPU.ActiveCfg = Release|Any CPU
		{53CE7B10-D3DB-4354-9509-5EA268D2FD34}.Release|Any CPU.Build.0 = Release|Any CPU
		{2B2133FC-CFEC-4478-9C65-5FE8A62C645C}.Debug|Any CPU.ActiveCfg = Debug|Any CPU
		{2B2133FC-CFEC-4478-9C65-5FE8A62C645C}.Debug|Any CPU.Build.0 = Debug|Any CPU
		{2B2133FC-CFEC-4478-9C65-5FE8A62C645C}.Release|Any CPU.ActiveCfg = Release|Any CPU
		{2B2133FC-CFEC-4478-9C65-5FE8A62C645C}.Release|Any CPU.Build.0 = Release|Any CPU
		{50C203CC-D71A-40F7-9D62-8BAD527CD904}.Debug|Any CPU.ActiveCfg = Debug|Any CPU
		{50C203CC-D71A-40F7-9D62-8BAD527CD904}.Debug|Any CPU.Build.0 = Debug|Any CPU
		{50C203CC-D71A-40F7-9D62-8BAD527CD904}.Release|Any CPU.ActiveCfg = Release|Any CPU
		{50C203CC-D71A-40F7-9D62-8BAD527CD904}.Release|Any CPU.Build.0 = Release|Any CPU
		{3DDAE074-D719-475B-8EA3-13A4A55237CA}.Debug|Any CPU.ActiveCfg = Debug|Any CPU
		{3DDAE074-D719-475B-8EA3-13A4A55237CA}.Debug|Any CPU.Build.0 = Debug|Any CPU
		{3DDAE074-D719-475B-8EA3-13A4A55237CA}.Release|Any CPU.ActiveCfg = Release|Any CPU
		{3DDAE074-D719-475B-8EA3-13A4A55237CA}.Release|Any CPU.Build.0 = Release|Any CPU
		{1C061017-0D75-49CF-BCF5-06DE9846E9BD}.Debug|Any CPU.ActiveCfg = Debug|Any CPU
		{1C061017-0D75-49CF-BCF5-06DE9846E9BD}.Debug|Any CPU.Build.0 = Debug|Any CPU
		{1C061017-0D75-49CF-BCF5-06DE9846E9BD}.Release|Any CPU.ActiveCfg = Release|Any CPU
		{1C061017-0D75-49CF-BCF5-06DE9846E9BD}.Release|Any CPU.Build.0 = Release|Any CPU
	EndGlobalSection
	GlobalSection(SolutionProperties) = preSolution
		HideSolutionNode = FALSE
	EndGlobalSection
	GlobalSection(ExtensibilityGlobals) = postSolution
		SolutionGuid = {F341557A-8FC1-4B0B-9E2C-9F4DADA55679}
	EndGlobalSection
EndGlobal
